Microsoft Visual Studio Solution File, Format Version 12.00
# Visual Studio Version 17
VisualStudioVersion = 17.14.36414.22
MinimumVisualStudioVersion = 10.0.40219.1
Project("{FAE04EC0-301F-11D3-BF4B-00C04F79EFBC}") = "WindowsToastNotifyApi", "WindowsToastNotifyApi\WindowsToastNotifyApi.csproj", "{E03FB6A6-A9C7-4945-8681-3CCC3157CA91}"
EndProject
Project("{FAE04EC0-301F-11D3-BF4B-00C04F79EFBC}") = "NotifyDemoApp", "NotifyDemoApp\NotifyDemoApp.csproj", "{4BFAAEF2-1FBE-4C7C-8542-6CAF31B1DC42}"
EndProject
Project("{2150E333-8FDC-42A3-9474-1A3956D46DE8}") = "Projektmappenelemente", "Projektmappenelemente", "{84D27F74-D2BA-6C25-2661-968F101900D9}"
	ProjectSection(SolutionItems) = preProject
		.github\workflows\nuget-autopublish.yml = .github\workflows\nuget-autopublish.yml
		README.md = README.md
	EndProjectSection
EndProject
Project("{FAE04EC0-301F-11D3-BF4B-00C04F79EFBC}") = "WindowsToastNotifyApi.Tests", "WindowsToastNotifyApi.Tests\WindowsToastNotifyApi.Tests.csproj", "{85E7B00A-7D80-4AEE-8892-1F43680E041C}"
EndProject
Global
	GlobalSection(SolutionConfigurationPlatforms) = preSolution
		Debug|Any CPU = Debug|Any CPU
		Release|Any CPU = Release|Any CPU
	EndGlobalSection
	GlobalSection(ProjectConfigurationPlatforms) = postSolution
		{E03FB6A6-A9C7-4945-8681-3CCC3157CA91}.Debug|Any CPU.ActiveCfg = Debug|Any CPU
		{E03FB6A6-A9C7-4945-8681-3CCC3157CA91}.Debug|Any CPU.Build.0 = Debug|Any CPU
		{E03FB6A6-A9C7-4945-8681-3CCC3157CA91}.Release|Any CPU.ActiveCfg = Release|Any CPU
		{E03FB6A6-A9C7-4945-8681-3CCC3157CA91}.Release|Any CPU.Build.0 = Release|Any CPU
		{4BFAAEF2-1FBE-4C7C-8542-6CAF31B1DC42}.Debug|Any CPU.ActiveCfg = Debug|Any CPU
		{4BFAAEF2-1FBE-4C7C-8542-6CAF31B1DC42}.Debug|Any CPU.Build.0 = Debug|Any CPU
		{4BFAAEF2-1FBE-4C7C-8542-6CAF31B1DC42}.Release|Any CPU.ActiveCfg = Release|Any CPU
		{85E7B00A-7D80-4AEE-8892-1F43680E041C}.Debug|Any CPU.ActiveCfg = Debug|Any CPU
		{85E7B00A-7D80-4AEE-8892-1F43680E041C}.Debug|Any CPU.Build.0 = Debug|Any CPU
		{85E7B00A-7D80-4AEE-8892-1F43680E041C}.Release|Any CPU.ActiveCfg = Release|Any CPU
		{85E7B00A-7D80-4AEE-8892-1F43680E041C}.Release|Any CPU.Build.0 = Release|Any CPU
	EndGlobalSection
	GlobalSection(SolutionProperties) = preSolution
		HideSolutionNode = FALSE
	EndGlobalSection
	GlobalSection(ExtensibilityGlobals) = postSolution
		SolutionGuid = {5C1DD817-784A-46A4-BD2D-A577A5C62A5C}
	EndGlobalSection
EndGlobal
